
Microsoft Visual Studio Solution File, Format Version 12.00
# Visual Studio Version 17
VisualStudioVersion = 17.12.35521.163
MinimumVisualStudioVersion = 10.0.40219.1
Project("{FAE04EC0-301F-11D3-BF4B-00C04F79EFBC}") = "Weaver.API", "Weaver.API\Weaver.API.csproj", "{FAEBEF09-005D-4742-9AB6-4904C9881901}"
EndProject
Project("{FAE04EC0-301F-11D3-BF4B-00C04F79EFBC}") = "Weaver.Infrastructure", "Weaver.Infrastructure\Weaver.Infrastructure.csproj", "{67465714-BA81-4288-BE72-A6B600F38153}"
EndProject
Project("{FAE04EC0-301F-11D3-BF4B-00C04F79EFBC}") = "Weaver.Models", "Weaver.Models\Weaver.Models.csproj", "{61FAECF9-2299-48D3-B5B4-1C01E300FE30}"
EndProject
Project("{FAE04EC0-301F-11D3-BF4B-00C04F79EFBC}") = "Weaver.Services", "Weaver.Services\Weaver.Services.csproj", "{76B11628-77DF-4105-8B89-C8A5E75A0A46}"
EndProject
Global
	GlobalSection(SolutionConfigurationPlatforms) = preSolution
		Debug|Any CPU = Debug|Any CPU
		Release|Any CPU = Release|Any CPU
	EndGlobalSection
	GlobalSection(ProjectConfigurationPlatforms) = postSolution
		{FAEBEF09-005D-4742-9AB6-4904C9881901}.Debug|Any CPU.ActiveCfg = Debug|Any CPU
		{FAEBEF09-005D-4742-9AB6-4904C9881901}.Debug|Any CPU.Build.0 = Debug|Any CPU
		{FAEBEF09-005D-4742-9AB6-4904C9881901}.Release|Any CPU.ActiveCfg = Release|Any CPU
		{FAEBEF09-005D-4742-9AB6-4904C9881901}.Release|Any CPU.Build.0 = Release|Any CPU
		{67465714-BA81-4288-BE72-A6B600F38153}.Debug|Any CPU.ActiveCfg = Debug|Any CPU
		{67465714-BA81-4288-BE72-A6B600F38153}.Debug|Any CPU.Build.0 = Debug|Any CPU
		{67465714-BA81-4288-BE72-A6B600F38153}.Release|Any CPU.ActiveCfg = Release|Any CPU
		{67465714-BA81-4288-BE72-A6B600F38153}.Release|Any CPU.Build.0 = Release|Any CPU
		{61FAECF9-2299-48D3-B5B4-1C01E300FE30}.Debug|Any CPU.ActiveCfg = Debug|Any CPU
		{61FAECF9-2299-48D3-B5B4-1C01E300FE30}.Debug|Any CPU.Build.0 = Debug|Any CPU
		{61FAECF9-2299-48D3-B5B4-1C01E300FE30}.Release|Any CPU.ActiveCfg = Release|Any CPU
		{61FAECF9-2299-48D3-B5B4-1C01E300FE30}.Release|Any CPU.Build.0 = Release|Any CPU
		{76B11628-77DF-4105-8B89-C8A5E75A0A46}.Debug|Any CPU.ActiveCfg = Debug|Any CPU
		{76B11628-77DF-4105-8B89-C8A5E75A0A46}.Debug|Any CPU.Build.0 = Debug|Any CPU
		{76B11628-77DF-4105-8B89-C8A5E75A0A46}.Release|Any CPU.ActiveCfg = Release|Any CPU
		{76B11628-77DF-4105-8B89-C8A5E75A0A46}.Release|Any CPU.Build.0 = Release|Any CPU
	EndGlobalSection
	GlobalSection(SolutionProperties) = preSolution
		HideSolutionNode = FALSE
	EndGlobalSection
EndGlobal
